Microsoft Visual Studio Solution File, Format Version 12.00
# Visual Studio Version 17
VisualStudioVersion = 17.5.2.0
MinimumVisualStudioVersion = 10.0.40219.1
Project("{FAE04EC0-301F-11D3-BF4B-00C04F79EFBC}") = "SSR_Agile", "SSR_Agile.csproj", "{D098B080-5277-F28C-77B6-06E41C5D51FF}"
EndProject
Global
	GlobalSection(SolutionConfigurationPlatforms) = preSolution
		Debug|Any CPU = Debug|Any CPU
		Release|Any CPU = Release|Any CPU
	EndGlobalSection
	GlobalSection(ProjectConfigurationPlatforms) = postSolution
		{D098B080-5277-F28C-77B6-06E41C5D51FF}.Debug|Any CPU.ActiveCfg = Debug|Any CPU
		{D098B080-5277-F28C-77B6-06E41C5D51FF}.Debug|Any CPU.Build.0 = Debug|Any CPU
		{D098B080-5277-F28C-77B6-06E41C5D51FF}.Release|Any CPU.ActiveCfg = Release|Any CPU
		{D098B080-5277-F28C-77B6-06E41C5D51FF}.Release|Any CPU.Build.0 = Release|Any CPU
	EndGlobalSection
	GlobalSection(SolutionProperties) = preSolution
		HideSolutionNode = FALSE
	EndGlobalSection
	GlobalSection(ExtensibilityGlobals) = postSolution
		SolutionGuid = {87D2CA22-AB0E-443D-BB97-E47F36F8B3F8}
	EndGlobalSection
EndGlobal
